{
  "name": "@case-app/angular-library",
  "version": "0.3.0",
  "lockfileVersion": 2,
  "requires": true,
  "packages": {
    "": {
      "name": "@case-app/angular-library",
      "version": "0.3.0",
      "license": "MIT",
      "dependencies": {
        "bulma": "^0.9.3",
        "bulma-switch": "^2.0.0",
        "bulma-tooltip": "^3.0.0",
        "tslib": "^2.0.0"
      },
      "peerDependencies": {
        "@angular/common": "^12",
        "@angular/core": "^12",
        "@auth0/angular-jwt": "^5.0.2",
        "@ckeditor/ckeditor5-angular": "^1.1.1",
        "@ckeditor/ckeditor5-build-classic": "^15.0.0",
        "@fortawesome/fontawesome-free": "^6.0.0",
        "@types/ckeditor__ckeditor5-core": "^11.0.2",
        "angular-calendar": "^0.28.16",
        "angular-mydatepicker": "^0.10.3",
        "chart.js": "^2.9.3",
        "date-fns": "^2.14.0",
        "fast-levenshtein": "^2.0.6",
        "font-awesome": "^4.7.0",
        "gsap": "^3.2.6",
        "http-status-codes": "^2.1.4",
        "moment": "^2.25.3",
        "ng2-charts": "^2.3.2",
        "ngx-google-places-autocomplete": "^2.0.5"
      }
    },
    "node_modules/@angular/animations": {
      "version": "13.2.2",
      "resolved": "https://registry.npmjs.org/@angular/animations/-/animations-13.2.2.tgz",
      "integrity": "sha512-qX8LAMuCJaueHBVyuwKtqunx96G0Dr26k7y5Z03VTcscYst4Ib4V2d4i5dwn3HS82DehFdO86cm3Hi2PqE/qww==",
      "peer": true,
      "dependencies": {
        "tslib": "^2.3.0"
      },
      "engines": {
        "node": "^12.20.0 || ^14.15.0 || >=16.10.0"
      },
      "peerDependencies": {
        "@angular/core": "13.2.2"
      }
    },
    "node_modules/@angular/common": {
      "version": "12.2.16",
      "resolved": "https://registry.npmjs.org/@angular/common/-/common-12.2.16.tgz",
      "integrity": "sha512-FEqTXTEsnbDInqV1yFlm97Tz1OFqZS5t0TUkm8gzXRgpIce/F/jLwAg0u1VQkgOsno6cNm0xTWPoZgu85NI4ug==",
      "peer": true,
      "dependencies": {
        "tslib": "^2.2.0"
      },
      "engines": {
        "node": "^12.14.1 || >=14.0.0"
      },
      "peerDependencies": {
        "@angular/core": "12.2.16",
        "rxjs": "^6.5.3 || ^7.0.0"
      }
    },
    "node_modules/@angular/core": {
      "version": "12.2.16",
      "resolved": "https://registry.npmjs.org/@angular/core/-/core-12.2.16.tgz",
      "integrity": "sha512-jsmvaRdAfng99z2a9mAmkfcsCE1wm+tBYVDxnc5JquSXznwtncjzcoc2X0J0dzrkCDvzFfpTsZ9vehylytBc+A==",
      "peer": true,
      "dependencies": {
        "tslib": "^2.2.0"
      },
      "engines": {
        "node": "^12.14.1 || >=14.0.0"
      },
      "peerDependencies": {
        "rxjs": "^6.5.3 || ^7.0.0",
        "zone.js": "~0.11.4"
      }
    },
    "node_modules/@angular/forms": {
      "version": "13.2.2",
      "resolved": "https://registry.npmjs.org/@angular/forms/-/forms-13.2.2.tgz",
      "integrity": "sha512-T61W4Ay9X9qhxjc6lLqpNFeHrGKwg2mqdsZ3zIm/c7oKo37mgl9TB5kkrtnS+205r3N2hF4ICnGFZ4a/egUP/g==",
      "peer": true,
      "dependencies": {
        "tslib": "^2.3.0"
      },
      "engines": {
        "node": "^12.20.0 || ^14.15.0 || >=16.10.0"
      },
      "peerDependencies": {
        "@angular/common": "13.2.2",
        "@angular/core": "13.2.2",
        "@angular/platform-browser": "13.2.2",
        "rxjs": "^6.5.3 || ^7.4.0"
      }
    },
    "node_modules/@angular/platform-browser": {
      "version": "13.2.2",
      "resolved": "https://registry.npmjs.org/@angular/platform-browser/-/platform-browser-13.2.2.tgz",
      "integrity": "sha512-M7gWC8fFCPc/CRcHCzqe/j7WzwAUMeKt9vwlK633XnesHBoqZdYgbb3YHHc6WPVU0YI09Nb/Hm5sezEKmjUmPg==",
      "peer": true,
      "dependencies": {
        "tslib": "^2.3.0"
      },
      "engines": {
        "node": "^12.20.0 || ^14.15.0 || >=16.10.0"
      },
      "peerDependencies": {
        "@angular/animations": "13.2.2",
        "@angular/common": "13.2.2",
        "@angular/core": "13.2.2"
      },
      "peerDependenciesMeta": {
        "@angular/animations": {
          "optional": true
        }
      }
    },
    "node_modules/@auth0/angular-jwt": {
      "version": "5.0.2",
      "resolved": "https://registry.npmjs.org/@auth0/angular-jwt/-/angular-jwt-5.0.2.tgz",
      "integrity": "sha512-rSamC9mu+gUxoR86AXcIo+KD7xRIro+/iu1F2Ld85YAZEVKlpB5vYG+g0yGaEOqjtQWP/i0H6fi6XMGPVHSYYQ==",
      "peer": true,
      "dependencies": {
        "tslib": "^2.0.0"
      },
      "peerDependencies": {
        "@angular/common": ">=9.0.0"
      }
    },
    "node_modules/@ckeditor/ckeditor5-angular": {
      "version": "1.2.3",
      "resolved": "https://registry.npmjs.org/@ckeditor/ckeditor5-angular/-/ckeditor5-angular-1.2.3.tgz",
      "integrity": "sha512-A1dZ7TVhlHTCvBjh9xAQvTX2alMkwE3pbTeOXfPt6AyamhVDnBVKbCa5eDaSd6xeeQHvsqtmMgNHQJn4AhH5mg==",
      "peer": true,
      "dependencies": {
        "@ckeditor/ckeditor5-watchdog": "^17.0.0",
        "tslib": "^1.9.0"
      },
      "peerDependencies": {
        "@angular/common": ">=5.0.0",
        "@angular/core": ">=5.0.0",
        "@angular/forms": ">=5.0.0"
      }
    },
    "node_modules/@ckeditor/ckeditor5-angular/node_modules/tslib": {
      "version": "1.14.1",
      "resolved": "https://registry.npmjs.org/tslib/-/tslib-1.14.1.tgz",
      "integrity": "sha512-Xni35NKzjgMrwevysHTCArtLDpPvye8zV/0E4EyYn43P7/7qvQwPh9BGkHewbMulVntbigmcT7rdX3BNo9wRJg==",
      "peer": true
    },
    "node_modules/@ckeditor/ckeditor5-build-classic": {
      "version": "15.0.0",
      "resolved": "https://registry.npmjs.org/@ckeditor/ckeditor5-build-classic/-/ckeditor5-build-classic-15.0.0.tgz",
      "integrity": "sha512-oIEYT4obF3+aPgA2BkzCZsK4vzOohpZRWn549dz/FWU6TIIBH7g5wE7CQtsMJG8KnnqC5Y+eh+HNURQxDGvj/g==",
      "peer": true,
      "engines": {
        "node": ">=8.0.0",
        "npm": ">=5.7.1"
      }
    },
    "node_modules/@ckeditor/ckeditor5-watchdog": {
      "version": "17.0.0",
      "resolved": "https://registry.npmjs.org/@ckeditor/ckeditor5-watchdog/-/ckeditor5-watchdog-17.0.0.tgz",
      "integrity": "sha512-qwRYWjv6qYuHD3tj4qB7XtuRGQteVtaoVl2Mzg8pNRP85WbTssZxQgDno951pPqR67Mqxe9YwxtrNMiZfQesrw==",
      "peer": true,
      "dependencies": {
        "lodash-es": "^4.17.10"
      },
      "engines": {
        "node": ">=8.0.0",
        "npm": ">=5.7.1"
      }
    },
    "node_modules/@fortawesome/fontawesome-free": {
      "version": "6.0.0",
      "resolved": "https://registry.npmjs.org/@fortawesome/fontawesome-free/-/fontawesome-free-6.0.0.tgz",
      "integrity": "sha512-6LB4PYBST1Rx40klypw1SmSDArjFOcfBf2LeX9Zg5EKJT2eXiyiJq+CyBYKeXyK0sXS2FsCJWSPr/luyhuvh0Q==",
      "hasInstallScript": true,
      "peer": true,
      "engines": {
        "node": ">=6"
      }
    },
    "node_modules/@mattlewis92/dom-autoscroller": {
      "version": "2.4.2",
      "resolved": "https://registry.npmjs.org/@mattlewis92/dom-autoscroller/-/dom-autoscroller-2.4.2.tgz",
      "integrity": "sha512-YbrUWREPGEjE/FU6foXcAT1YbVwqD/jkYnY1dFb0o4AxtP3s4xKBthlELjndZih8uwsDWgQZx1eNskRNe2BgZQ==",
      "peer": true
    },
    "node_modules/@scarf/scarf": {
      "version": "1.1.1",
      "resolved": "https://registry.npmjs.org/@scarf/scarf/-/scarf-1.1.1.tgz",
      "integrity": "sha512-VGbKDbk1RFIaSmdVb0cNjjWJoRWRI/Weo23AjRCC2nryO0iAS8pzsToJfPVPtVs74WHw4L1UTADNdIYRLkirZQ==",
      "hasInstallScript": true,
      "peer": true
    },
    "node_modules/@types/chart.js": {
      "version": "2.9.35",
      "resolved": "https://registry.npmjs.org/@types/chart.js/-/chart.js-2.9.35.tgz",
      "integrity": "sha512-MWx/zZlh4wHBbM4Tm4YsZyYGb1/LkTiFLFwX/FXb0EJCvXX2xWTRHwlJ2RAAEXWxLrOdaAWP8vFtJXny+4CpEw==",
      "peer": true,
      "dependencies": {
        "moment": "^2.10.2"
      }
    },
    "node_modules/@types/ckeditor__ckeditor5-core": {
      "version": "11.0.10",
      "resolved": "https://registry.npmjs.org/@types/ckeditor__ckeditor5-core/-/ckeditor__ckeditor5-core-11.0.10.tgz",
      "integrity": "sha512-yIRMbrQQirVOVSkxUkOKocjwGvUfUhwuMIENPoOJ/cJUCCj+064BbMLHp5FXvbgtO1QFd076qj4dBjvSbMKIPA==",
      "peer": true,
      "dependencies": {
        "@types/ckeditor__ckeditor5-engine": "*",
        "@types/ckeditor__ckeditor5-utils": "*"
      }
    },
    "node_modules/@types/ckeditor__ckeditor5-engine": {
      "version": "31.0.0",
      "resolved": "https://registry.npmjs.org/@types/ckeditor__ckeditor5-engine/-/ckeditor__ckeditor5-engine-31.0.0.tgz",
      "integrity": "sha512-1KcdGRoN6PamI2V246PAr+yn4zdFpUcFdyUD7XtUBcgJ0lftr3bqfn42Z7QELez86jew1HPnHN+6OgRsh9EWSQ==",
      "peer": true,
      "dependencies": {
        "@types/ckeditor__ckeditor5-utils": "*"
      }
    },
    "node_modules/@types/ckeditor__ckeditor5-utils": {
      "version": "28.0.9",
      "resolved": "https://registry.npmjs.org/@types/ckeditor__ckeditor5-utils/-/ckeditor__ckeditor5-utils-28.0.9.tgz",
      "integrity": "sha512-FbAKQYKBW5RvxJVq4S5nQJ1vrJ2Z8jZnMFARAKOJGP+npYe3uA9o+b+7jvy1TnugFZ54hHgU8+aJM7JqrGZrAg==",
      "peer": true,
      "dependencies": {
        "@types/ckeditor__ckeditor5-core": "*",
        "@types/ckeditor__ckeditor5-engine": "*"
      }
    },
    "node_modules/angular-calendar": {
      "version": "0.28.28",
      "resolved": "https://registry.npmjs.org/angular-calendar/-/angular-calendar-0.28.28.tgz",
      "integrity": "sha512-q6FIye6zkwFeMZfHBgFByHpZdHbWu02EQAJ67XjyZmwiDAvjo7LVoTlaug93CjggJ4DL0YEAWDG4rokLBBgq2w==",
      "peer": true,
      "dependencies": {
        "@scarf/scarf": "^1.1.1",
        "angular-draggable-droppable": "^4.6.0",
        "angular-resizable-element": "^3.4.0",
        "calendar-utils": "^0.8.5",
        "positioning": "^2.0.1",
        "tslib": "^1.14.1"
      },
      "funding": {
        "url": "https://github.com/sponsors/mattlewis92"
      },
      "peerDependencies": {
        "@angular/animations": ">=6.0.0",
        "@angular/common": ">=6.0.0",
        "@angular/core": ">=6.0.0"
      }
    },
    "node_modules/angular-calendar/node_modules/tslib": {
      "version": "1.14.1",
      "resolved": "https://registry.npmjs.org/tslib/-/tslib-1.14.1.tgz",
      "integrity": "sha512-Xni35NKzjgMrwevysHTCArtLDpPvye8zV/0E4EyYn43P7/7qvQwPh9BGkHewbMulVntbigmcT7rdX3BNo9wRJg==",
      "peer": true
    },
    "node_modules/angular-draggable-droppable": {
      "version": "4.6.0",
      "resolved": "https://registry.npmjs.org/angular-draggable-droppable/-/angular-draggable-droppable-4.6.0.tgz",
      "integrity": "sha512-+8JhTDMKkc/NuFFqb8/H/QHpB+v4Z7YNrgvEbV+PQxXry19rkr89ofZgjNIXhZexTvJNb03BYlSQoknzXE9b3g==",
      "peer": true,
      "dependencies": {
        "@mattlewis92/dom-autoscroller": "^2.4.2",
        "tslib": "^1.9.0"
      },
      "peerDependencies": {
        "@angular/core": ">=6.0.0"
      }
    },
    "node_modules/angular-draggable-droppable/node_modules/tslib": {
      "version": "1.14.1",
      "resolved": "https://registry.npmjs.org/tslib/-/tslib-1.14.1.tgz",
      "integrity": "sha512-Xni35NKzjgMrwevysHTCArtLDpPvye8zV/0E4EyYn43P7/7qvQwPh9BGkHewbMulVntbigmcT7rdX3BNo9wRJg==",
      "peer": true
    },
    "node_modules/angular-mydatepicker": {
      "version": "0.10.3",
      "resolved": "https://registry.npmjs.org/angular-mydatepicker/-/angular-mydatepicker-0.10.3.tgz",
      "integrity": "sha512-KCKVCpofu3/VkEkemRqURKeqyz/f7nHT+eKm3ZGK6oUfy+o+t32lbDD+vZT5vxmwEJA8AbM168HXyExfjXc9vg==",
      "peer": true,
      "dependencies": {
        "tslib": "^1.9.0"
      },
      "peerDependencies": {
        "@angular/common": "^9.0.0",
        "@angular/core": "^9.0.0"
      }
    },
    "node_modules/angular-mydatepicker/node_modules/tslib": {
      "version": "1.14.1",
      "resolved": "https://registry.npmjs.org/tslib/-/tslib-1.14.1.tgz",
      "integrity": "sha512-Xni35NKzjgMrwevysHTCArtLDpPvye8zV/0E4EyYn43P7/7qvQwPh9BGkHewbMulVntbigmcT7rdX3BNo9wRJg==",
      "peer": true
    },
    "node_modules/angular-resizable-element": {
      "version": "3.4.0",
      "resolved": "https://registry.npmjs.org/angular-resizable-element/-/angular-resizable-element-3.4.0.tgz",
      "integrity": "sha512-xL5a8FmghzrZmHPy7uwWz98m91gRXgAcdeCRYcK/nD7psXMTYNk5EPmHA0qZTDCIYljhT4h0OKWLvx56NQGfDA==",
      "peer": true,
      "dependencies": {
        "tslib": "^1.9.0"
      },
      "peerDependencies": {
        "@angular/core": ">=6.0.0"
      }
    },
    "node_modules/angular-resizable-element/node_modules/tslib": {
      "version": "1.14.1",
      "resolved": "https://registry.npmjs.org/tslib/-/tslib-1.14.1.tgz",
      "integrity": "sha512-Xni35NKzjgMrwevysHTCArtLDpPvye8zV/0E4EyYn43P7/7qvQwPh9BGkHewbMulVntbigmcT7rdX3BNo9wRJg==",
      "peer": true
    },
    "node_modules/bulma": {
      "version": "0.9.3",
      "resolved": "https://registry.npmjs.org/bulma/-/bulma-0.9.3.tgz",
      "integrity": "sha512-0d7GNW1PY4ud8TWxdNcP6Cc8Bu7MxcntD/RRLGWuiw/s0a9P+XlH/6QoOIrmbj6o8WWJzJYhytiu9nFjTszk1g=="
    },
    "node_modules/bulma-switch": {
      "version": "2.0.4",
      "resolved": "https://registry.npmjs.org/bulma-switch/-/bulma-switch-2.0.4.tgz",
      "integrity": "sha512-kMu4H0Pr0VjvfsnT6viRDCgptUq0Rvy7y7PX6q+IHg1xUynsjszPjhAdal5ysAlCG5HNO+5YXxeiu92qYGQolw=="
    },
    "node_modules/bulma-tooltip": {
      "version": "3.0.2",
      "resolved": "https://registry.npmjs.org/bulma-tooltip/-/bulma-tooltip-3.0.2.tgz",
      "integrity": "sha512-CsT3APjhlZScskFg38n8HYL8oYNUHQtcu4sz6ERarxkUpBRbk9v0h/5KAvXeKapVSn2dp9l7bOGit5SECP8EWQ=="
    },
    "node_modules/calendar-utils": {
      "version": "0.8.5",
      "resolved": "https://registry.npmjs.org/calendar-utils/-/calendar-utils-0.8.5.tgz",
      "integrity": "sha512-mgn7dqZfDEqY/obyPO9ib8FSk28vAIOIOXyrjffT9jw1vAmxLguhvohM6JehDA6dY+ddkWBlPCDLCcRv0PncKw==",
      "peer": true
    },
    "node_modules/chart.js": {
      "version": "2.9.4",
      "resolved": "https://registry.npmjs.org/chart.js/-/chart.js-2.9.4.tgz",
      "integrity": "sha512-B07aAzxcrikjAPyV+01j7BmOpxtQETxTSlQ26BEYJ+3iUkbNKaOJ/nDbT6JjyqYxseM0ON12COHYdU2cTIjC7A==",
      "peer": true,
      "dependencies": {
        "chartjs-color": "^2.1.0",
        "moment": "^2.10.2"
      }
    },
    "node_modules/chartjs-color": {
      "version": "2.4.1",
      "resolved": "https://registry.npmjs.org/chartjs-color/-/chartjs-color-2.4.1.tgz",
      "integrity": "sha512-haqOg1+Yebys/Ts/9bLo/BqUcONQOdr/hoEr2LLTRl6C5LXctUdHxsCYfvQVg5JIxITrfCNUDr4ntqmQk9+/0w==",
      "peer": true,
      "dependencies": {
        "chartjs-color-string": "^0.6.0",
        "color-convert": "^1.9.3"
      }
    },
    "node_modules/chartjs-color-string": {
      "version": "0.6.0",
      "resolved": "https://registry.npmjs.org/chartjs-color-string/-/chartjs-color-string-0.6.0.tgz",
      "integrity": "sha512-TIB5OKn1hPJvO7JcteW4WY/63v6KwEdt6udfnDE9iCAZgy+V4SrbSxoIbTw/xkUIapjEI4ExGtD0+6D3KyFd7A==",
      "peer": true,
      "dependencies": {
        "color-name": "^1.0.0"
      }
    },
    "node_modules/color-convert": {
      "version": "1.9.3",
      "resolved": "https://registry.npmjs.org/color-convert/-/color-convert-1.9.3.tgz",
      "integrity": "sha512-QfAUtd+vFdAtFQcC8CCyYt1fYWxSqAiK2cSD6zDB8N3cpsEBAvRxp9zOGg6G/SHHJYAT88/az/IuDGALsNVbGg==",
      "peer": true,
      "dependencies": {
        "color-name": "1.1.3"
      }
    },
    "node_modules/color-convert/node_modules/color-name": {
      "version": "1.1.3",
      "resolved": "https://registry.npmjs.org/color-name/-/color-name-1.1.3.tgz",
      "integrity": "sha1-p9BVi9icQveV3UIyj3QIMcpTvCU=",
      "peer": true
    },
    "node_modules/color-name": {
      "version": "1.1.4",
      "resolved": "https://registry.npmjs.org/color-name/-/color-name-1.1.4.tgz",
      "integrity": "sha512-dOy+3AuW3a2wNbZHIuMZpTcgjGuLU/uBL/ubcZF9OXbDo8ff4O8yVp5Bf0efS8uEoYo5q4Fx7dY9OgQGXgAsQA==",
      "peer": true
    },
    "node_modules/date-fns": {
      "version": "2.28.0",
      "resolved": "https://registry.npmjs.org/date-fns/-/date-fns-2.28.0.tgz",
      "integrity": "sha512-8d35hViGYx/QH0icHYCeLmsLmMUheMmTyV9Fcm6gvNwdw31yXXH+O85sOBJ+OLnLQMKZowvpKb6FgMIQjcpvQw==",
      "peer": true,
      "engines": {
        "node": ">=0.11"
      },
      "funding": {
        "type": "opencollective",
        "url": "https://opencollective.com/date-fns"
      }
    },
    "node_modules/fast-levenshtein": {
      "version": "2.0.6",
      "resolved": "https://registry.npmjs.org/fast-levenshtein/-/fast-levenshtein-2.0.6.tgz",
      "integrity": "sha1-PYpcZog6FqMMqGQ+hR8Zuqd5eRc=",
      "peer": true
    },
    "node_modules/font-awesome": {
      "version": "4.7.0",
      "resolved": "https://registry.npmjs.org/font-awesome/-/font-awesome-4.7.0.tgz",
      "integrity": "sha1-j6jPBBGhoxr9B7BtKQK7n8gVoTM=",
      "peer": true,
      "engines": {
        "node": ">=0.10.3"
      }
    },
    "node_modules/gsap": {
      "version": "3.9.1",
      "resolved": "https://registry.npmjs.org/gsap/-/gsap-3.9.1.tgz",
      "integrity": "sha512-JSGVYoC6da4pIjdF/yxFU6Rz8OojOIDkbooveZlfNg0+JIoFoRruyfWAEi6R/gUeNcuOiTqUIb0gi1nCNrHf8w==",
      "peer": true
    },
    "node_modules/http-status-codes": {
      "version": "2.2.0",
      "resolved": "https://registry.npmjs.org/http-status-codes/-/http-status-codes-2.2.0.tgz",
      "integrity": "sha512-feERVo9iWxvnejp3SEfm/+oNG517npqL2/PIA8ORjyOZjGC7TwCRQsZylciLS64i6pJ0wRYz3rkXLRwbtFa8Ng==",
      "peer": true
    },
    "node_modules/lodash-es": {
      "version": "4.17.21",
      "resolved": "https://registry.npmjs.org/lodash-es/-/lodash-es-4.17.21.tgz",
      "integrity": "sha512-mKnC+QJ9pWVzv+C4/U3rRsHapFfHvQFoFB92e52xeyGMcX6/OlIl78je1u8vePzYZSkkogMPJ2yjxxsb89cxyw==",
      "peer": true
    },
    "node_modules/moment": {
      "version": "2.29.1",
      "resolved": "https://registry.npmjs.org/moment/-/moment-2.29.1.tgz",
      "integrity": "sha512-kHmoybcPV8Sqy59DwNDY3Jefr64lK/by/da0ViFcuA4DH0vQg5Q6Ze5VimxkfQNSC+Mls/Kx53s7TjP1RhFEDQ==",
      "peer": true,
      "engines": {
        "node": "*"
      }
    },
    "node_modules/ng2-charts": {
      "version": "2.4.3",
      "resolved": "https://registry.npmjs.org/ng2-charts/-/ng2-charts-2.4.3.tgz",
      "integrity": "sha512-tPrhHSS2DfVyipXQ0gykOPc8zFNnj2b7sAebUVty392vHnEGYCwsP6YbFfpr1iXu4yBSRm4Gt5lffR5w0uyYSw==",
      "peer": true,
      "dependencies": {
        "@types/chart.js": "^2.9.24",
        "lodash-es": "^4.17.15",
        "tslib": "^2.0.0"
      },
      "peerDependencies": {
        "@angular/common": ">=7.2.0",
        "@angular/core": ">=7.2.0",
        "chart.js": "^2.9.3",
        "rxjs": "^6.3.3"
      }
    },
    "node_modules/ngx-google-places-autocomplete": {
      "version": "2.0.5",
      "resolved": "https://registry.npmjs.org/ngx-google-places-autocomplete/-/ngx-google-places-autocomplete-2.0.5.tgz",
      "integrity": "sha512-TApaE+X/eaZBDduXvmOMsMC5FTWv3CmgbZ+Iv7NsnrBWJeonPF2SYMGs3vaydM3CY3Rch14/K94ecU0mfyRVWw==",
      "peer": true,
      "peerDependencies": {
        "@angular/core": ">= 2.0.0"
      }
    },
    "node_modules/positioning": {
      "version": "2.0.1",
      "resolved": "https://registry.npmjs.org/positioning/-/positioning-2.0.1.tgz",
      "integrity": "sha512-DsAgM42kV/ObuwlRpAzDTjH9E8fGKkMDJHWFX+kfNXSxh7UCCQxEmdjv/Ws5Ft1XDnt3JT8fIDYeKNSE2TbttA==",
      "peer": true
    },
    "node_modules/rxjs": {
      "version": "6.6.7",
      "resolved": "https://registry.npmjs.org/rxjs/-/rxjs-6.6.7.tgz",
      "integrity": "sha512-hTdwr+7yYNIT5n4AMYp85KA6yw2Va0FLa3Rguvbpa4W3I5xynaBZo41cM3XM+4Q6fRMj3sBYIR1VAmZMXYJvRQ==",
      "peer": true,
      "dependencies": {
        "tslib": "^1.9.0"
      },
      "engines": {
        "npm": ">=2.0.0"
      }
    },
    "node_modules/rxjs/node_modules/tslib": {
      "version": "1.14.1",
      "resolved": "https://registry.npmjs.org/tslib/-/tslib-1.14.1.tgz",
      "integrity": "sha512-Xni35NKzjgMrwevysHTCArtLDpPvye8zV/0E4EyYn43P7/7qvQwPh9BGkHewbMulVntbigmcT7rdX3BNo9wRJg==",
      "peer": true
    },
    "node_modules/tslib": {
      "version": "2.3.1",
      "resolved": "https://registry.npmjs.org/tslib/-/tslib-2.3.1.tgz",
      "integrity": "sha512-77EbyPPpMz+FRFRuAFlWMtmgUWGe9UOG2Z25NqCwiIjRhOf5iKGuzSe5P2w1laq+FkRy4p+PCuVkJSGkzTEKVw=="
    },
    "node_modules/zone.js": {
      "version": "0.11.4",
      "resolved": "https://registry.npmjs.org/zone.js/-/zone.js-0.11.4.tgz",
      "integrity": "sha512-DDh2Ab+A/B+9mJyajPjHFPWfYU1H+pdun4wnnk0OcQTNjem1XQSZ2CDW+rfZEUDjv5M19SBqAkjZi0x5wuB5Qw==",
      "peer": true,
      "dependencies": {
        "tslib": "^2.0.0"
      }
    }
  },
  "dependencies": {
    "@angular/animations": {
      "version": "13.2.2",
      "resolved": "https://registry.npmjs.org/@angular/animations/-/animations-13.2.2.tgz",
      "integrity": "sha512-qX8LAMuCJaueHBVyuwKtqunx96G0Dr26k7y5Z03VTcscYst4Ib4V2d4i5dwn3HS82DehFdO86cm3Hi2PqE/qww==",
      "peer": true,
      "requires": {
        "tslib": "^2.3.0"
      }
    },
    "@angular/common": {
      "version": "12.2.16",
      "resolved": "https://registry.npmjs.org/@angular/common/-/common-12.2.16.tgz",
      "integrity": "sha512-FEqTXTEsnbDInqV1yFlm97Tz1OFqZS5t0TUkm8gzXRgpIce/F/jLwAg0u1VQkgOsno6cNm0xTWPoZgu85NI4ug==",
      "peer": true,
      "requires": {
        "tslib": "^2.2.0"
      }
    },
    "@angular/core": {
      "version": "12.2.16",
      "resolved": "https://registry.npmjs.org/@angular/core/-/core-12.2.16.tgz",
      "integrity": "sha512-jsmvaRdAfng99z2a9mAmkfcsCE1wm+tBYVDxnc5JquSXznwtncjzcoc2X0J0dzrkCDvzFfpTsZ9vehylytBc+A==",
      "peer": true,
      "requires": {
        "tslib": "^2.2.0"
      }
    },
    "@angular/forms": {
      "version": "13.2.2",
      "resolved": "https://registry.npmjs.org/@angular/forms/-/forms-13.2.2.tgz",
      "integrity": "sha512-T61W4Ay9X9qhxjc6lLqpNFeHrGKwg2mqdsZ3zIm/c7oKo37mgl9TB5kkrtnS+205r3N2hF4ICnGFZ4a/egUP/g==",
      "peer": true,
      "requires": {
        "tslib": "^2.3.0"
      }
    },
    "@angular/platform-browser": {
      "version": "13.2.2",
      "resolved": "https://registry.npmjs.org/@angular/platform-browser/-/platform-browser-13.2.2.tgz",
      "integrity": "sha512-M7gWC8fFCPc/CRcHCzqe/j7WzwAUMeKt9vwlK633XnesHBoqZdYgbb3YHHc6WPVU0YI09Nb/Hm5sezEKmjUmPg==",
      "peer": true,
      "requires": {
        "tslib": "^2.3.0"
      }
    },
    "@auth0/angular-jwt": {
      "version": "5.0.2",
      "resolved": "https://registry.npmjs.org/@auth0/angular-jwt/-/angular-jwt-5.0.2.tgz",
      "integrity": "sha512-rSamC9mu+gUxoR86AXcIo+KD7xRIro+/iu1F2Ld85YAZEVKlpB5vYG+g0yGaEOqjtQWP/i0H6fi6XMGPVHSYYQ==",
      "peer": true,
      "requires": {
        "tslib": "^2.0.0"
      }
    },
    "@ckeditor/ckeditor5-angular": {
      "version": "1.2.3",
      "resolved": "https://registry.npmjs.org/@ckeditor/ckeditor5-angular/-/ckeditor5-angular-1.2.3.tgz",
      "integrity": "sha512-A1dZ7TVhlHTCvBjh9xAQvTX2alMkwE3pbTeOXfPt6AyamhVDnBVKbCa5eDaSd6xeeQHvsqtmMgNHQJn4AhH5mg==",
      "peer": true,
      "requires": {
        "@ckeditor/ckeditor5-watchdog": "^17.0.0",
        "tslib": "^1.9.0"
      },
      "dependencies": {
        "tslib": {
          "version": "1.14.1",
          "resolved": "https://registry.npmjs.org/tslib/-/tslib-1.14.1.tgz",
          "integrity": "sha512-Xni35NKzjgMrwevysHTCArtLDpPvye8zV/0E4EyYn43P7/7qvQwPh9BGkHewbMulVntbigmcT7rdX3BNo9wRJg==",
          "peer": true
        }
      }
    },
    "@ckeditor/ckeditor5-build-classic": {
      "version": "15.0.0",
      "resolved": "https://registry.npmjs.org/@ckeditor/ckeditor5-build-classic/-/ckeditor5-build-classic-15.0.0.tgz",
      "integrity": "sha512-oIEYT4obF3+aPgA2BkzCZsK4vzOohpZRWn549dz/FWU6TIIBH7g5wE7CQtsMJG8KnnqC5Y+eh+HNURQxDGvj/g==",
      "peer": true
    },
    "@ckeditor/ckeditor5-watchdog": {
      "version": "17.0.0",
      "resolved": "https://registry.npmjs.org/@ckeditor/ckeditor5-watchdog/-/ckeditor5-watchdog-17.0.0.tgz",
      "integrity": "sha512-qwRYWjv6qYuHD3tj4qB7XtuRGQteVtaoVl2Mzg8pNRP85WbTssZxQgDno951pPqR67Mqxe9YwxtrNMiZfQesrw==",
      "peer": true,
      "requires": {
        "lodash-es": "^4.17.10"
      }
    },
    "@fortawesome/fontawesome-free": {
      "version": "6.0.0",
      "resolved": "https://registry.npmjs.org/@fortawesome/fontawesome-free/-/fontawesome-free-6.0.0.tgz",
      "integrity": "sha512-6LB4PYBST1Rx40klypw1SmSDArjFOcfBf2LeX9Zg5EKJT2eXiyiJq+CyBYKeXyK0sXS2FsCJWSPr/luyhuvh0Q==",
      "peer": true
    },
    "@mattlewis92/dom-autoscroller": {
      "version": "2.4.2",
      "resolved": "https://registry.npmjs.org/@mattlewis92/dom-autoscroller/-/dom-autoscroller-2.4.2.tgz",
      "integrity": "sha512-YbrUWREPGEjE/FU6foXcAT1YbVwqD/jkYnY1dFb0o4AxtP3s4xKBthlELjndZih8uwsDWgQZx1eNskRNe2BgZQ==",
      "peer": true
    },
    "@scarf/scarf": {
      "version": "1.1.1",
      "resolved": "https://registry.npmjs.org/@scarf/scarf/-/scarf-1.1.1.tgz",
      "integrity": "sha512-VGbKDbk1RFIaSmdVb0cNjjWJoRWRI/Weo23AjRCC2nryO0iAS8pzsToJfPVPtVs74WHw4L1UTADNdIYRLkirZQ==",
      "peer": true
    },
    "@types/chart.js": {
      "version": "2.9.35",
      "resolved": "https://registry.npmjs.org/@types/chart.js/-/chart.js-2.9.35.tgz",
      "integrity": "sha512-MWx/zZlh4wHBbM4Tm4YsZyYGb1/LkTiFLFwX/FXb0EJCvXX2xWTRHwlJ2RAAEXWxLrOdaAWP8vFtJXny+4CpEw==",
      "peer": true,
      "requires": {
        "moment": "^2.10.2"
      }
    },
    "@types/ckeditor__ckeditor5-core": {
      "version": "11.0.10",
      "resolved": "https://registry.npmjs.org/@types/ckeditor__ckeditor5-core/-/ckeditor__ckeditor5-core-11.0.10.tgz",
      "integrity": "sha512-yIRMbrQQirVOVSkxUkOKocjwGvUfUhwuMIENPoOJ/cJUCCj+064BbMLHp5FXvbgtO1QFd076qj4dBjvSbMKIPA==",
      "peer": true,
      "requires": {
        "@types/ckeditor__ckeditor5-engine": "*",
        "@types/ckeditor__ckeditor5-utils": "*"
      }
    },
    "@types/ckeditor__ckeditor5-engine": {
      "version": "31.0.0",
      "resolved": "https://registry.npmjs.org/@types/ckeditor__ckeditor5-engine/-/ckeditor__ckeditor5-engine-31.0.0.tgz",
      "integrity": "sha512-1KcdGRoN6PamI2V246PAr+yn4zdFpUcFdyUD7XtUBcgJ0lftr3bqfn42Z7QELez86jew1HPnHN+6OgRsh9EWSQ==",
      "peer": true,
      "requires": {
        "@types/ckeditor__ckeditor5-utils": "*"
      }
    },
    "@types/ckeditor__ckeditor5-utils": {
      "version": "28.0.9",
      "resolved": "https://registry.npmjs.org/@types/ckeditor__ckeditor5-utils/-/ckeditor__ckeditor5-utils-28.0.9.tgz",
      "integrity": "sha512-FbAKQYKBW5RvxJVq4S5nQJ1vrJ2Z8jZnMFARAKOJGP+npYe3uA9o+b+7jvy1TnugFZ54hHgU8+aJM7JqrGZrAg==",
      "peer": true,
      "requires": {
        "@types/ckeditor__ckeditor5-core": "*",
        "@types/ckeditor__ckeditor5-engine": "*"
      }
    },
    "angular-calendar": {
      "version": "0.28.28",
      "resolved": "https://registry.npmjs.org/angular-calendar/-/angular-calendar-0.28.28.tgz",
      "integrity": "sha512-q6FIye6zkwFeMZfHBgFByHpZdHbWu02EQAJ67XjyZmwiDAvjo7LVoTlaug93CjggJ4DL0YEAWDG4rokLBBgq2w==",
      "peer": true,
      "requires": {
        "@scarf/scarf": "^1.1.1",
        "angular-draggable-droppable": "^4.6.0",
        "angular-resizable-element": "^3.4.0",
        "calendar-utils": "^0.8.5",
        "positioning": "^2.0.1",
        "tslib": "^1.14.1"
      },
      "dependencies": {
        "tslib": {
          "version": "1.14.1",
          "resolved": "https://registry.npmjs.org/tslib/-/tslib-1.14.1.tgz",
          "integrity": "sha512-Xni35NKzjgMrwevysHTCArtLDpPvye8zV/0E4EyYn43P7/7qvQwPh9BGkHewbMulVntbigmcT7rdX3BNo9wRJg==",
          "peer": true
        }
      }
    },
    "angular-draggable-droppable": {
      "version": "4.6.0",
      "resolved": "https://registry.npmjs.org/angular-draggable-droppable/-/angular-draggable-droppable-4.6.0.tgz",
      "integrity": "sha512-+8JhTDMKkc/NuFFqb8/H/QHpB+v4Z7YNrgvEbV+PQxXry19rkr89ofZgjNIXhZexTvJNb03BYlSQoknzXE9b3g==",
      "peer": true,
      "requires": {
        "@mattlewis92/dom-autoscroller": "^2.4.2",
        "tslib": "^1.9.0"
      },
      "dependencies": {
        "tslib": {
          "version": "1.14.1",
          "resolved": "https://registry.npmjs.org/tslib/-/tslib-1.14.1.tgz",
          "integrity": "sha512-Xni35NKzjgMrwevysHTCArtLDpPvye8zV/0E4EyYn43P7/7qvQwPh9BGkHewbMulVntbigmcT7rdX3BNo9wRJg==",
          "peer": true
        }
      }
    },
    "angular-mydatepicker": {
      "version": "0.10.3",
      "resolved": "https://registry.npmjs.org/angular-mydatepicker/-/angular-mydatepicker-0.10.3.tgz",
      "integrity": "sha512-KCKVCpofu3/VkEkemRqURKeqyz/f7nHT+eKm3ZGK6oUfy+o+t32lbDD+vZT5vxmwEJA8AbM168HXyExfjXc9vg==",
      "peer": true,
      "requires": {
        "tslib": "^1.9.0"
      },
      "dependencies": {
        "tslib": {
          "version": "1.14.1",
          "resolved": "https://registry.npmjs.org/tslib/-/tslib-1.14.1.tgz",
          "integrity": "sha512-Xni35NKzjgMrwevysHTCArtLDpPvye8zV/0E4EyYn43P7/7qvQwPh9BGkHewbMulVntbigmcT7rdX3BNo9wRJg==",
          "peer": true
        }
      }
    },
    "angular-resizable-element": {
      "version": "3.4.0",
      "resolved": "https://registry.npmjs.org/angular-resizable-element/-/angular-resizable-element-3.4.0.tgz",
      "integrity": "sha512-xL5a8FmghzrZmHPy7uwWz98m91gRXgAcdeCRYcK/nD7psXMTYNk5EPmHA0qZTDCIYljhT4h0OKWLvx56NQGfDA==",
      "peer": true,
      "requires": {
        "tslib": "^1.9.0"
      },
      "dependencies": {
        "tslib": {
          "version": "1.14.1",
          "resolved": "https://registry.npmjs.org/tslib/-/tslib-1.14.1.tgz",
          "integrity": "sha512-Xni35NKzjgMrwevysHTCArtLDpPvye8zV/0E4EyYn43P7/7qvQwPh9BGkHewbMulVntbigmcT7rdX3BNo9wRJg==",
          "peer": true
        }
      }
    },
    "bulma": {
      "version": "0.9.3",
      "resolved": "https://registry.npmjs.org/bulma/-/bulma-0.9.3.tgz",
      "integrity": "sha512-0d7GNW1PY4ud8TWxdNcP6Cc8Bu7MxcntD/RRLGWuiw/s0a9P+XlH/6QoOIrmbj6o8WWJzJYhytiu9nFjTszk1g=="
    },
    "bulma-switch": {
      "version": "2.0.4",
      "resolved": "https://registry.npmjs.org/bulma-switch/-/bulma-switch-2.0.4.tgz",
      "integrity": "sha512-kMu4H0Pr0VjvfsnT6viRDCgptUq0Rvy7y7PX6q+IHg1xUynsjszPjhAdal5ysAlCG5HNO+5YXxeiu92qYGQolw=="
    },
    "bulma-tooltip": {
      "version": "3.0.2",
      "resolved": "https://registry.npmjs.org/bulma-tooltip/-/bulma-tooltip-3.0.2.tgz",
      "integrity": "sha512-CsT3APjhlZScskFg38n8HYL8oYNUHQtcu4sz6ERarxkUpBRbk9v0h/5KAvXeKapVSn2dp9l7bOGit5SECP8EWQ=="
    },
    "calendar-utils": {
      "version": "0.8.5",
      "resolved": "https://registry.npmjs.org/calendar-utils/-/calendar-utils-0.8.5.tgz",
      "integrity": "sha512-mgn7dqZfDEqY/obyPO9ib8FSk28vAIOIOXyrjffT9jw1vAmxLguhvohM6JehDA6dY+ddkWBlPCDLCcRv0PncKw==",
      "peer": true
    },
    "chart.js": {
      "version": "2.9.4",
      "resolved": "https://registry.npmjs.org/chart.js/-/chart.js-2.9.4.tgz",
      "integrity": "sha512-B07aAzxcrikjAPyV+01j7BmOpxtQETxTSlQ26BEYJ+3iUkbNKaOJ/nDbT6JjyqYxseM0ON12COHYdU2cTIjC7A==",
      "peer": true,
      "requires": {
        "chartjs-color": "^2.1.0",
        "moment": "^2.10.2"
      }
    },
    "chartjs-color": {
      "version": "2.4.1",
      "resolved": "https://registry.npmjs.org/chartjs-color/-/chartjs-color-2.4.1.tgz",
      "integrity": "sha512-haqOg1+Yebys/Ts/9bLo/BqUcONQOdr/hoEr2LLTRl6C5LXctUdHxsCYfvQVg5JIxITrfCNUDr4ntqmQk9+/0w==",
      "peer": true,
      "requires": {
        "chartjs-color-string": "^0.6.0",
        "color-convert": "^1.9.3"
      }
    },
    "chartjs-color-string": {
      "version": "0.6.0",
      "resolved": "https://registry.npmjs.org/chartjs-color-string/-/chartjs-color-string-0.6.0.tgz",
      "integrity": "sha512-TIB5OKn1hPJvO7JcteW4WY/63v6KwEdt6udfnDE9iCAZgy+V4SrbSxoIbTw/xkUIapjEI4ExGtD0+6D3KyFd7A==",
      "peer": true,
      "requires": {
        "color-name": "^1.0.0"
      }
    },
    "color-convert": {
      "version": "1.9.3",
      "resolved": "https://registry.npmjs.org/color-convert/-/color-convert-1.9.3.tgz",
      "integrity": "sha512-QfAUtd+vFdAtFQcC8CCyYt1fYWxSqAiK2cSD6zDB8N3cpsEBAvRxp9zOGg6G/SHHJYAT88/az/IuDGALsNVbGg==",
      "peer": true,
      "requires": {
        "color-name": "1.1.3"
      },
      "dependencies": {
        "color-name": {
          "version": "1.1.3",
          "resolved": "https://registry.npmjs.org/color-name/-/color-name-1.1.3.tgz",
          "integrity": "sha1-p9BVi9icQveV3UIyj3QIMcpTvCU=",
          "peer": true
        }
      }
    },
    "color-name": {
      "version": "1.1.4",
      "resolved": "https://registry.npmjs.org/color-name/-/color-name-1.1.4.tgz",
      "integrity": "sha512-dOy+3AuW3a2wNbZHIuMZpTcgjGuLU/uBL/ubcZF9OXbDo8ff4O8yVp5Bf0efS8uEoYo5q4Fx7dY9OgQGXgAsQA==",
      "peer": true
    },
    "date-fns": {
      "version": "2.28.0",
      "resolved": "https://registry.npmjs.org/date-fns/-/date-fns-2.28.0.tgz",
      "integrity": "sha512-8d35hViGYx/QH0icHYCeLmsLmMUheMmTyV9Fcm6gvNwdw31yXXH+O85sOBJ+OLnLQMKZowvpKb6FgMIQjcpvQw==",
      "peer": true
    },
    "fast-levenshtein": {
      "version": "2.0.6",
      "resolved": "https://registry.npmjs.org/fast-levenshtein/-/fast-levenshtein-2.0.6.tgz",
      "integrity": "sha1-PYpcZog6FqMMqGQ+hR8Zuqd5eRc=",
      "peer": true
    },
    "font-awesome": {
      "version": "4.7.0",
      "resolved": "https://registry.npmjs.org/font-awesome/-/font-awesome-4.7.0.tgz",
      "integrity": "sha1-j6jPBBGhoxr9B7BtKQK7n8gVoTM=",
      "peer": true
    },
    "gsap": {
      "version": "3.9.1",
      "resolved": "https://registry.npmjs.org/gsap/-/gsap-3.9.1.tgz",
      "integrity": "sha512-JSGVYoC6da4pIjdF/yxFU6Rz8OojOIDkbooveZlfNg0+JIoFoRruyfWAEi6R/gUeNcuOiTqUIb0gi1nCNrHf8w==",
      "peer": true
    },
    "http-status-codes": {
      "version": "2.2.0",
      "resolved": "https://registry.npmjs.org/http-status-codes/-/http-status-codes-2.2.0.tgz",
      "integrity": "sha512-feERVo9iWxvnejp3SEfm/+oNG517npqL2/PIA8ORjyOZjGC7TwCRQsZylciLS64i6pJ0wRYz3rkXLRwbtFa8Ng==",
      "peer": true
    },
    "lodash-es": {
      "version": "4.17.21",
      "resolved": "https://registry.npmjs.org/lodash-es/-/lodash-es-4.17.21.tgz",
      "integrity": "sha512-mKnC+QJ9pWVzv+C4/U3rRsHapFfHvQFoFB92e52xeyGMcX6/OlIl78je1u8vePzYZSkkogMPJ2yjxxsb89cxyw==",
      "peer": true
    },
    "moment": {
      "version": "2.29.1",
      "resolved": "https://registry.npmjs.org/moment/-/moment-2.29.1.tgz",
      "integrity": "sha512-kHmoybcPV8Sqy59DwNDY3Jefr64lK/by/da0ViFcuA4DH0vQg5Q6Ze5VimxkfQNSC+Mls/Kx53s7TjP1RhFEDQ==",
      "peer": true
    },
    "ng2-charts": {
      "version": "2.4.3",
      "resolved": "https://registry.npmjs.org/ng2-charts/-/ng2-charts-2.4.3.tgz",
      "integrity": "sha512-tPrhHSS2DfVyipXQ0gykOPc8zFNnj2b7sAebUVty392vHnEGYCwsP6YbFfpr1iXu4yBSRm4Gt5lffR5w0uyYSw==",
      "peer": true,
      "requires": {
        "@types/chart.js": "^2.9.24",
        "lodash-es": "^4.17.15",
        "tslib": "^2.0.0"
      }
    },
    "ngx-google-places-autocomplete": {
      "version": "2.0.5",
      "resolved": "https://registry.npmjs.org/ngx-google-places-autocomplete/-/ngx-google-places-autocomplete-2.0.5.tgz",
      "integrity": "sha512-TApaE+X/eaZBDduXvmOMsMC5FTWv3CmgbZ+Iv7NsnrBWJeonPF2SYMGs3vaydM3CY3Rch14/K94ecU0mfyRVWw==",
      "peer": true,
      "requires": {}
    },
    "positioning": {
      "version": "2.0.1",
      "resolved": "https://registry.npmjs.org/positioning/-/positioning-2.0.1.tgz",
      "integrity": "sha512-DsAgM42kV/ObuwlRpAzDTjH9E8fGKkMDJHWFX+kfNXSxh7UCCQxEmdjv/Ws5Ft1XDnt3JT8fIDYeKNSE2TbttA==",
      "peer": true
    },
    "rxjs": {
      "version": "6.6.7",
      "resolved": "https://registry.npmjs.org/rxjs/-/rxjs-6.6.7.tgz",
      "integrity": "sha512-hTdwr+7yYNIT5n4AMYp85KA6yw2Va0FLa3Rguvbpa4W3I5xynaBZo41cM3XM+4Q6fRMj3sBYIR1VAmZMXYJvRQ==",
      "peer": true,
      "requires": {
        "tslib": "^1.9.0"
      },
      "dependencies": {
        "tslib": {
          "version": "1.14.1",
          "resolved": "https://registry.npmjs.org/tslib/-/tslib-1.14.1.tgz",
          "integrity": "sha512-Xni35NKzjgMrwevysHTCArtLDpPvye8zV/0E4EyYn43P7/7qvQwPh9BGkHewbMulVntbigmcT7rdX3BNo9wRJg==",
          "peer": true
        }
      }
    },
    "tslib": {
      "version": "2.3.1",
      "resolved": "https://registry.npmjs.org/tslib/-/tslib-2.3.1.tgz",
      "integrity": "sha512-77EbyPPpMz+FRFRuAFlWMtmgUWGe9UOG2Z25NqCwiIjRhOf5iKGuzSe5P2w1laq+FkRy4p+PCuVkJSGkzTEKVw=="
    },
    "zone.js": {
      "version": "0.11.4",
      "resolved": "https://registry.npmjs.org/zone.js/-/zone.js-0.11.4.tgz",
      "integrity": "sha512-DDh2Ab+A/B+9mJyajPjHFPWfYU1H+pdun4wnnk0OcQTNjem1XQSZ2CDW+rfZEUDjv5M19SBqAkjZi0x5wuB5Qw==",
      "peer": true,
      "requires": {
        "tslib": "^2.0.0"
      }
    }
  }
}
